// !$*UTF8*$!
{
	archiveVersion = 1;
	classes = {
	};
	objectVersion = 46;
	objects = {

/* Begin PBXBuildFile section */
		1F6ECCC41E7FB85600B3055E /* AppDelegate.swift in Sources */ = {isa = PBXBuildFile; fileRef = 1F6ECCBC1E7FB85500B3055E /* AppDelegate.swift */; };
		1F6ECCC51E7FB85600B3055E /* Assets.xcassets in Resources */ = {isa = PBXBuildFile; fileRef = 1F6ECCBD1E7FB85500B3055E /* Assets.xcassets */; };
		1F6ECCC61E7FB85600B3055E /* LaunchScreen.storyboard in Resources */ = {isa = PBXBuildFile; fileRef = 1F6ECCBE1E7FB85500B3055E /* LaunchScreen.storyboard */; };
		1F6ECCC71E7FB85600B3055E /* Main.storyboard in Resources */ = {isa = PBXBuildFile; fileRef = 1F6ECCC01E7FB85500B3055E /* Main.storyboard */; };
		1F6ECCC91E7FB85600B3055E /* ViewController.swift in Sources */ = {isa = PBXBuildFile; fileRef = 1F6ECCC31E7FB85500B3055E /* ViewController.swift */; };
		1F6ECCCB1E7FB8C500B3055E /* Info.plist in Resources */ = {isa = PBXBuildFile; fileRef = 1F6ECCCA1E7FB8C500B3055E /* Info.plist */; };
		1F6ECCD21E7FBA6F00B3055E /* Placeholder in Resources */ = {isa = PBXBuildFile; fileRef = 1F6ECCD11E7FBA6F00B3055E /* Placeholder */; };
		1F6ED0CD1E7FBCE300B3055E /* File.strings in Resources */ = {isa = PBXBuildFile; fileRef = 1F6ED0BF1E7FBCE300B3055E /* File.strings */; };
		1F6ED0D01E7FBCE300B3055E /* demo.js in Resources */ = {isa = PBXBuildFile; fileRef = 1F6ED0C71E7FBCE300B3055E /* demo.js */; };
		1F6ED0D11E7FBCE300B3055E /* ExampleApp.html in Resources */ = {isa = PBXBuildFile; fileRef = 1F6ED0C81E7FBCE300B3055E /* ExampleApp.html */; };
		1F6ED0D21E7FBCE300B3055E /* test.html in Resources */ = {isa = PBXBuildFile; fileRef = 1F6ED0C91E7FBCE300B3055E /* test.html */; };
		1F6ED0D31E7FBCE300B3055E /* test1.html in Resources */ = {isa = PBXBuildFile; fileRef = 1F6ED0CA1E7FBCE300B3055E /* test1.html */; };
		1F6ED0D41E7FBCE300B3055E /* MobileProject_Local-Info.plist in Resources */ = {isa = PBXBuildFile; fileRef = 1F6ED0CC1E7FBCE300B3055E /* MobileProject_Local-Info.plist */; };
		622475D8ED5888DB08547473 /* Pods_MobileProject.framework in Frameworks */ = {isa = PBXBuildFile; fileRef = 40917A2CBCF2248E86275264 /* Pods_MobileProject.framework */; };
/* End PBXBuildFile section */

/* Begin PBXFileReference section */
		1F6ECCA41E7F6F7400B3055E /* MobileProject.app */ = {isa = PBXFileReference; explicitFileType = wrapper.application; includeInIndex = 0; path = MobileProject.app; sourceTree = BUILT_PRODUCTS_DIR; };
		1F6ECCBC1E7FB85500B3055E /* AppDelegate.swift */ = {isa = PBXFileReference; fileEncoding = 4; lastKnownFileType = sourcecode.swift; path = AppDelegate.swift; sourceTree = "<group>"; };
		1F6ECCBD1E7FB85500B3055E /* Assets.xcassets */ = {isa = PBXFileReference; lastKnownFileType = folder.assetcatalog; path = Assets.xcassets; sourceTree = "<group>"; };
		1F6ECCBF1E7FB85500B3055E /* Base */ = {isa = PBXFileReference; lastKnownFileType = file.storyboard; name = Base; path = Base.lproj/LaunchScreen.storyboard; sourceTree = "<group>"; };
		1F6ECCC11E7FB85500B3055E /* Base */ = {isa = PBXFileReference; lastKnownFileType = file.storyboard; name = Base; path = Base.lproj/Main.storyboard; sourceTree = "<group>"; };
		1F6ECCC31E7FB85500B3055E /* ViewController.swift */ = {isa = PBXFileReference; fileEncoding = 4; lastKnownFileType = sourcecode.swift; path = ViewController.swift; sourceTree = "<group>"; };
		1F6ECCCA1E7FB8C500B3055E /* Info.plist */ = {isa = PBXFileReference; fileEncoding = 4; lastKnownFileType = text.plist.xml; name = Info.plist; path = ../Info.plist; sourceTree = "<group>"; };
		1F6ECCD11E7FBA6F00B3055E /* Placeholder */ = {isa = PBXFileReference; fileEncoding = 4; lastKnownFileType = text; path = Placeholder; sourceTree = "<group>"; };
		1F6ECCD71E7FBB0A00B3055E /* MobileProject-Bridging-Header.h */ = {isa = PBXFileReference; fileEncoding = 4; lastKnownFileType = sourcecode.c.h; path = "MobileProject-Bridging-Header.h"; sourceTree = "<group>"; };
		1F6ECF001E7FBCD000B3055E /* MBConstants.h */ = {isa = PBXFileReference; fileEncoding = 4; lastKnownFileType = sourcecode.c.h; path = MBConstants.h; sourceTree = "<group>"; };
		1F6ECF011E7FBCD000B3055E /* MBTargetConfigContants.h */ = {isa = PBXFileReference; fileEncoding = 4; lastKnownFileType = sourcecode.c.h; path = MBTargetConfigContants.h; sourceTree = "<group>"; };
		1F6ECF021E7FBCD000B3055E /* MPEnumerateHeader.h */ = {isa = PBXFileReference; fileEncoding = 4; lastKnownFileType = sourcecode.c.h; path = MPEnumerateHeader.h; sourceTree = "<group>"; };
		1F6ECF031E7FBCD000B3055E /* NotificationContants.h */ = {isa = PBXFileReference; fileEncoding = 4; lastKnownFileType = sourcecode.c.h; path = NotificationContants.h; sourceTree = "<group>"; };
		1F6ECF101E7FBCD000B3055E /* Macros.h */ = {isa = PBXFileReference; fileEncoding = 4; lastKnownFileType = sourcecode.c.h; path = Macros.h; sourceTree = "<group>"; };
		1F6ECF111E7FBCD000B3055E /* MPTargetConfigMacros.h */ = {isa = PBXFileReference; fileEncoding = 4; lastKnownFileType = sourcecode.c.h; path = MPTargetConfigMacros.h; sourceTree = "<group>"; };
		1F6ECF121E7FBCD000B3055E /* ThirdMacros.h */ = {isa = PBXFileReference; fileEncoding = 4; lastKnownFileType = sourcecode.c.h; path = ThirdMacros.h; sourceTree = "<group>"; };
		1F6ED0C01E7FBCE300B3055E /* en */ = {isa = PBXFileReference; lastKnownFileType = text.plist.strings; name = en; path = en.lproj/File.strings; sourceTree = "<group>"; };
		1F6ED0C21E7FBCE300B3055E /* zh-Hans */ = {isa = PBXFileReference; lastKnownFileType = text.plist.strings; name = "zh-Hans"; path = "zh-Hans.lproj/File.strings"; sourceTree = "<group>"; };
		1F6ED0C71E7FBCE300B3055E /* demo.js */ = {isa = PBXFileReference; fileEncoding = 4; lastKnownFileType = sourcecode.javascript; path = demo.js; sourceTree = "<group>"; };
		1F6ED0C81E7FBCE300B3055E /* ExampleApp.html */ = {isa = PBXFileReference; fileEncoding = 4; lastKnownFileType = text.html; path = ExampleApp.html; sourceTree = "<group>"; };
		1F6ED0C91E7FBCE300B3055E /* test.html */ = {isa = PBXFileReference; fileEncoding = 4; lastKnownFileType = text.html; path = test.html; sourceTree = "<group>"; };
		1F6ED0CA1E7FBCE300B3055E /* test1.html */ = {isa = PBXFileReference; fileEncoding = 4; lastKnownFileType = text.html; path = test1.html; sourceTree = "<group>"; };
		1F6ED0CC1E7FBCE300B3055E /* MobileProject_Local-Info.plist */ = {isa = PBXFileReference; fileEncoding = 4; lastKnownFileType = text.plist.xml; path = "MobileProject_Local-Info.plist"; sourceTree = "<group>"; };
		39DC0562C47147ACF1638A6A /* Pods-MobileProject.release.xcconfig */ = {isa = PBXFileReference; includeInIndex = 1; lastKnownFileType = text.xcconfig; name = "Pods-MobileProject.release.xcconfig"; path = "Pods/Target Support Files/Pods-MobileProject/Pods-MobileProject.release.xcconfig"; sourceTree = "<group>"; };
		40917A2CBCF2248E86275264 /* Pods_MobileProject.framework */ = {isa = PBXFileReference; explicitFileType = wrapper.framework; includeInIndex = 0; path = Pods_MobileProject.framework; sourceTree = BUILT_PRODUCTS_DIR; };
		AD4E80FEEE629E0B216E8754 /* Pods-MobileProject.debug.xcconfig */ = {isa = PBXFileReference; includeInIndex = 1; lastKnownFileType = text.xcconfig; name = "Pods-MobileProject.debug.xcconfig"; path = "Pods/Target Support Files/Pods-MobileProject/Pods-MobileProject.debug.xcconfig"; sourceTree = "<group>"; };
/* End PBXFileReference section */

/* Begin PBXFrameworksBuildPhase section */
		1F6ECCA11E7F6F7000B3055E /* Frameworks */ = {
			isa = PBXFrameworksBuildPhase;
			buildActionMask = 2147483647;
			files = (
				622475D8ED5888DB08547473 /* Pods_MobileProject.framework in Frameworks */,
			);
			runOnlyForDeploymentPostprocessing = 0;
		};
/* End PBXFrameworksBuildPhase section */

/* Begin PBXGroup section */
		1F6ECC9B1E7F6F6F00B3055E = {
			isa = PBXGroup;
			children = (
				1F6ECCA61E7F6F7400B3055E /* MobileProject */,
				1F6ECCA51E7F6F7400B3055E /* Products */,
				6920AAC7A6A9CCB1B419240E /* Pods */,
				B35A3160EEB70C20592B6DAE /* Frameworks */,
			);
			sourceTree = "<group>";
		};
		1F6ECCA51E7F6F7400B3055E /* Products */ = {
			isa = PBXGroup;
			children = (
				1F6ECCA41E7F6F7400B3055E /* MobileProject.app */,
			);
			name = Products;
			sourceTree = "<group>";
		};
		1F6ECCA61E7F6F7400B3055E /* MobileProject */ = {
			isa = PBXGroup;
			children = (
				1F6ECCBB1E7FB85500B3055E /* Supporting Files */,
				1F6ECCCD1E7FB94800B3055E /* Main */,
				1F6ECCCC1E7FB94800B3055E /* Expand */,
				1F6ECCCE1E7FB94800B3055E /* Resource */,
				1F6ECCCF1E7FB94800B3055E /* SDKFile */,
				1F6ECCD01E7FB94800B3055E /* Vender */,
			);
			path = MobileProject;
			sourceTree = "<group>";
		};
		1F6ECCBB1E7FB85500B3055E /* Supporting Files */ = {
			isa = PBXGroup;
			children = (
				1F6ECCBC1E7FB85500B3055E /* AppDelegate.swift */,
				1F6ECCBD1E7FB85500B3055E /* Assets.xcassets */,
				1F6ECCBE1E7FB85500B3055E /* LaunchScreen.storyboard */,
				1F6ECCC01E7FB85500B3055E /* Main.storyboard */,
				1F6ECCC31E7FB85500B3055E /* ViewController.swift */,
				1F6ECCCA1E7FB8C500B3055E /* Info.plist */,
				1F6ECCD71E7FBB0A00B3055E /* MobileProject-Bridging-Header.h */,
			);
			path = "Supporting Files";
			sourceTree = "<group>";
		};
		1F6ECCCC1E7FB94800B3055E /* Expand */ = {
			isa = PBXGroup;
			children = (
				1F6ECCDF1E7FBCD000B3055E /* Category */,
				1F6ECEFF1E7FBCD000B3055E /* Const */,
				1F6ECF041E7FBCD000B3055E /* Controls */,
				1F6ECF0F1E7FBCD000B3055E /* Macros */,
				1F6ECF131E7FBCD000B3055E /* Network */,
				1F6ECF2B1E7FBCD000B3055E /* Tool */,
			);
			path = Expand;
			sourceTree = "<group>";
		};
		1F6ECCCD1E7FB94800B3055E /* Main */ = {
			isa = PBXGroup;
			children = (
				1F6ECCD81E7FBC8100B3055E /* Base */,
				1F6ECCD91E7FBC8100B3055E /* Home */,
				1F6ECCDA1E7FBC8100B3055E /* Logger */,
				1F6ECCDB1E7FBC8100B3055E /* LogIn */,
				1F6ECCDC1E7FBC8100B3055E /* Preview */,
				1F6ECCDD1E7FBC8100B3055E /* Public */,
				1F6ECCDE1E7FBC8100B3055E /* Theory */,
			);
			path = Main;
			sourceTree = "<group>";
		};
		1F6ECCCE1E7FB94800B3055E /* Resource */ = {
			isa = PBXGroup;
			children = (
				1F6ED0BE1E7FBCE300B3055E /* Global */,
				1F6ED0C61E7FBCE300B3055E /* JsHtmlCss */,
				1F6ED0CB1E7FBCE300B3055E /* Plist */,
			);
			path = Resource;
			sourceTree = "<group>";
		};
		1F6ECCCF1E7FB94800B3055E /* SDKFile */ = {
			isa = PBXGroup;
			children = (
				1F6ECCD11E7FBA6F00B3055E /* Placeholder */,
			);
			path = SDKFile;
			sourceTree = "<group>";
		};
		1F6ECCD01E7FB94800B3055E /* Vender */ = {
			isa = PBXGroup;
			children = (
			);
			path = Vender;
			sourceTree = "<group>";
		};
		1F6ECCD81E7FBC8100B3055E /* Base */ = {
			isa = PBXGroup;
			children = (
			);
			path = Base;
			sourceTree = "<group>";
		};
		1F6ECCD91E7FBC8100B3055E /* Home */ = {
			isa = PBXGroup;
			children = (
			);
			path = Home;
			sourceTree = "<group>";
		};
		1F6ECCDA1E7FBC8100B3055E /* Logger */ = {
			isa = PBXGroup;
			children = (
			);
			path = Logger;
			sourceTree = "<group>";
		};
		1F6ECCDB1E7FBC8100B3055E /* LogIn */ = {
			isa = PBXGroup;
			children = (
			);
			path = LogIn;
			sourceTree = "<group>";
		};
		1F6ECCDC1E7FBC8100B3055E /* Preview */ = {
			isa = PBXGroup;
			children = (
			);
			path = Preview;
			sourceTree = "<group>";
		};
		1F6ECCDD1E7FBC8100B3055E /* Public */ = {
			isa = PBXGroup;
			children = (
			);
			path = Public;
			sourceTree = "<group>";
		};
		1F6ECCDE1E7FBC8100B3055E /* Theory */ = {
			isa = PBXGroup;
			children = (
			);
			path = Theory;
			sourceTree = "<group>";
		};
		1F6ECCDF1E7FBCD000B3055E /* Category */ = {
			isa = PBXGroup;
			children = (
			);
			path = Category;
			sourceTree = "<group>";
		};
		1F6ECEFF1E7FBCD000B3055E /* Const */ = {
			isa = PBXGroup;
			children = (
				1F6ECF001E7FBCD000B3055E /* MBConstants.h */,
				1F6ECF011E7FBCD000B3055E /* MBTargetConfigContants.h */,
				1F6ECF021E7FBCD000B3055E /* MPEnumerateHeader.h */,
				1F6ECF031E7FBCD000B3055E /* NotificationContants.h */,
			);
			path = Const;
			sourceTree = "<group>";
		};
		1F6ECF041E7FBCD000B3055E /* Controls */ = {
			isa = PBXGroup;
			children = (
			);
			path = Controls;
			sourceTree = "<group>";
		};
		1F6ECF0F1E7FBCD000B3055E /* Macros */ = {
			isa = PBXGroup;
			children = (
				1F6ECF101E7FBCD000B3055E /* Macros.h */,
				1F6ECF111E7FBCD000B3055E /* MPTargetConfigMacros.h */,
				1F6ECF121E7FBCD000B3055E /* ThirdMacros.h */,
			);
			path = Macros;
			sourceTree = "<group>";
		};
		1F6ECF131E7FBCD000B3055E /* Network */ = {
			isa = PBXGroup;
			children = (
			);
			path = Network;
			sourceTree = "<group>";
		};
		1F6ECF2B1E7FBCD000B3055E /* Tool */ = {
			isa = PBXGroup;
			children = (
			);
			path = Tool;
			sourceTree = "<group>";
		};
		1F6ED0BE1E7FBCE300B3055E /* Global */ = {
			isa = PBXGroup;
			children = (
				1F6ED0BF1E7FBCE300B3055E /* File.strings */,
			);
			path = Global;
			sourceTree = "<group>";
		};
		1F6ED0C61E7FBCE300B3055E /* JsHtmlCss */ = {
			isa = PBXGroup;
			children = (
				1F6ED0C71E7FBCE300B3055E /* demo.js */,
				1F6ED0C81E7FBCE300B3055E /* ExampleApp.html */,
				1F6ED0C91E7FBCE300B3055E /* test.html */,
				1F6ED0CA1E7FBCE300B3055E /* test1.html */,
			);
			path = JsHtmlCss;
			sourceTree = "<group>";
		};
		1F6ED0CB1E7FBCE300B3055E /* Plist */ = {
			isa = PBXGroup;
			children = (
				1F6ED0CC1E7FBCE300B3055E /* MobileProject_Local-Info.plist */,
			);
			path = Plist;
			sourceTree = "<group>";
		};
		6920AAC7A6A9CCB1B419240E /* Pods */ = {
			isa = PBXGroup;
			children = (
				AD4E80FEEE629E0B216E8754 /* Pods-MobileProject.debug.xcconfig */,
				39DC0562C47147ACF1638A6A /* Pods-MobileProject.release.xcconfig */,
			);
			name = Pods;
			sourceTree = "<group>";
		};
		B35A3160EEB70C20592B6DAE /* Frameworks */ = {
			isa = PBXGroup;
			children = (
				40917A2CBCF2248E86275264 /* Pods_MobileProject.framework */,
			);
			name = Frameworks;
			sourceTree = "<group>";
		};
/* End PBXGroup section */

/* Begin PBXNativeTarget section */
		1F6ECCA31E7F6F7000B3055E /* MobileProject */ = {
			isa = PBXNativeTarget;
			buildConfigurationList = 1F6ECCB61E7F6F7400B3055E /* Build configuration list for PBXNativeTarget "MobileProject" */;
			buildPhases = (
				40F40A2B0542463F75B6CE69 /* [CP] Check Pods Manifest.lock */,
				1F6ECCA01E7F6F7000B3055E /* Sources */,
				1F6ECCA11E7F6F7000B3055E /* Frameworks */,
				1F6ECCA21E7F6F7000B3055E /* Resources */,
				32E1C71BB88EF7781EE38B57 /* [CP] Embed Pods Frameworks */,
				293018012146D17020A5C06A /* [CP] Copy Pods Resources */,
			);
			buildRules = (
			);
			dependencies = (
			);
			name = MobileProject;
			productName = MobileProject;
			productReference = 1F6ECCA41E7F6F7400B3055E /* MobileProject.app */;
			productType = "com.apple.product-type.application";
		};
/* End PBXNativeTarget section */

/* Begin PBXProject section */
		1F6ECC9C1E7F6F6F00B3055E /* Project object */ = {
			isa = PBXProject;
			attributes = {
				LastSwiftUpdateCheck = 0820;
				LastUpgradeCheck = 0820;
				ORGANIZATIONNAME = xuwen;
				TargetAttributes = {
					1F6ECCA31E7F6F7000B3055E = {
						CreatedOnToolsVersion = 8.2.1;
						LastSwiftMigration = 0820;
						ProvisioningStyle = Automatic;
					};
				};
			};
			buildConfigurationList = 1F6ECC9F1E7F6F6F00B3055E /* Build configuration list for PBXProject "MobileProject" */;
			compatibilityVersion = "Xcode 3.2";
			developmentRegion = English;
			hasScannedForEncodings = 0;
			knownRegions = (
				en,
				Base,
				"zh-Hans",
			);
			mainGroup = 1F6ECC9B1E7F6F6F00B3055E;
			productRefGroup = 1F6ECCA51E7F6F7400B3055E /* Products */;
			projectDirPath = "";
			projectRoot = "";
			targets = (
				1F6ECCA31E7F6F7000B3055E /* MobileProject */,
			);
		};
/* End PBXProject section */

/* Begin PBXResourcesBuildPhase section */
		1F6ECCA21E7F6F7000B3055E /* Resources */ = {
			isa = PBXResourcesBuildPhase;
			buildActionMask = 2147483647;
			files = (
				1F6ED0D31E7FBCE300B3055E /* test1.html in Resources */,
				1F6ECCCB1E7FB8C500B3055E /* Info.plist in Resources */,
				1F6ECCC71E7FB85600B3055E /* Main.storyboard in Resources */,
				1F6ECCC51E7FB85600B3055E /* Assets.xcassets in Resources */,
				1F6ED0D01E7FBCE300B3055E /* demo.js in Resources */,
				1F6ED0D21E7FBCE300B3055E /* test.html in Resources */,
				1F6ED0D11E7FBCE300B3055E /* ExampleApp.html in Resources */,
				1F6ED0D41E7FBCE300B3055E /* MobileProject_Local-Info.plist in Resources */,
				1F6ED0CD1E7FBCE300B3055E /* File.strings in Resources */,
				1F6ECCC61E7FB85600B3055E /* LaunchScreen.storyboard in Resources */,
				1F6ECCD21E7FBA6F00B3055E /* Placeholder in Resources */,
			);
			runOnlyForDeploymentPostprocessing = 0;
		};
/* End PBXResourcesBuildPhase section */

/* Begin PBXShellScriptBuildPhase section */
		293018012146D17020A5C06A /* [CP] Copy Pods Resources */ = {
			isa = PBXShellScriptBuildPhase;
			buildActionMask = 2147483647;
			files = (
			);
			inputPaths = (
			);
			name = "[CP] Copy Pods Resources";
			outputPaths = (
			);
			runOnlyForDeploymentPostprocessing = 0;
			shellPath = /bin/sh;
			shellScript = "\"${SRCROOT}/Pods/Target Support Files/Pods-MobileProject/Pods-MobileProject-resources.sh\"\n";
			showEnvVarsInLog = 0;
		};
		32E1C71BB88EF7781EE38B57 /* [CP] Embed Pods Frameworks */ = {
			isa = PBXShellScriptBuildPhase;
			buildActionMask = 2147483647;
			files = (
			);
			inputPaths = (
			);
			name = "[CP] Embed Pods Frameworks";
			outputPaths = (
			);
			runOnlyForDeploymentPostprocessing = 0;
			shellPath = /bin/sh;
			shellScript = "\"${SRCROOT}/Pods/Target Support Files/Pods-MobileProject/Pods-MobileProject-frameworks.sh\"\n";
			showEnvVarsInLog = 0;
		};
		40F40A2B0542463F75B6CE69 /* [CP] Check Pods Manifest.lock */ = {
			isa = PBXShellScriptBuildPhase;
			buildActionMask = 2147483647;
			files = (
			);
			inputPaths = (
			);
			name = "[CP] Check Pods Manifest.lock";
			outputPaths = (
			);
			runOnlyForDeploymentPostprocessing = 0;
			shellPath = /bin/sh;
			shellScript = "diff \"${PODS_ROOT}/../Podfile.lock\" \"${PODS_ROOT}/Manifest.lock\" > /dev/null\nif [ $? != 0 ] ; then\n    # print error to STDERR\n    echo \"error: The sandbox is not in sync with the Podfile.lock. Run 'pod install' or update your CocoaPods installation.\" >&2\n    exit 1\nfi\n";
			showEnvVarsInLog = 0;
		};
/* End PBXShellScriptBuildPhase section */

/* Begin PBXSourcesBuildPhase section */
		1F6ECCA01E7F6F7000B3055E /* Sources */ = {
			isa = PBXSourcesBuildPhase;
			buildActionMask = 2147483647;
			files = (
				1F6ECCC91E7FB85600B3055E /* ViewController.swift in Sources */,
				1F6ECCC41E7FB85600B3055E /* AppDelegate.swift in Sources */,
			);
			runOnlyForDeploymentPostprocessing = 0;
		};
/* End PBXSourcesBuildPhase section */

/* Begin PBXVariantGroup section */
		1F6ECCBE1E7FB85500B3055E /* LaunchScreen.storyboard */ = {
			isa = PBXVariantGroup;
			children = (
				1F6ECCBF1E7FB85500B3055E /* Base */,
			);
			name = LaunchScreen.storyboard;
			sourceTree = "<group>";
		};
		1F6ECCC01E7FB85500B3055E /* Main.storyboard */ = {
			isa = PBXVariantGroup;
			children = (
				1F6ECCC11E7FB85500B3055E /* Base */,
			);
			name = Main.storyboard;
			sourceTree = "<group>";
		};
		1F6ED0BF1E7FBCE300B3055E /* File.strings */ = {
			isa = PBXVariantGroup;
			children = (
				1F6ED0C01E7FBCE300B3055E /* en */,
				1F6ED0C21E7FBCE300B3055E /* zh-Hans */,
			);
			name = File.strings;
			sourceTree = "<group>";
		};
/* End PBXVariantGroup section */

/* Begin XCBuildConfiguration section */
		1F6ECCB41E7F6F7400B3055E /* Debug */ = {
			isa = XCBuildConfiguration;
			buildSettings = {
				ALWAYS_SEARCH_USER_PATHS = NO;
				CLANG_ANALYZER_NONNULL = YES;
				CLANG_CXX_LANGUAGE_STANDARD = "gnu++0x";
				CLANG_CXX_LIBRARY = "libc++";
				CLANG_ENABLE_MODULES = YES;
				CLANG_ENABLE_OBJC_ARC = YES;
				CLANG_WARN_BOOL_CONVERSION = YES;
				CLANG_WARN_CONSTANT_CONVERSION = YES;
				CLANG_WARN_DIRECT_OBJC_ISA_USAGE = YES_ERROR;
				CLANG_WARN_DOCUMENTATION_COMMENTS = YES;
				CLANG_WARN_EMPTY_BODY = YES;
				CLANG_WARN_ENUM_CONVERSION = YES;
				CLANG_WARN_INFINITE_RECURSION = YES;
				CLANG_WARN_INT_CONVERSION = YES;
				CLANG_WARN_OBJC_ROOT_CLASS = YES_ERROR;
				CLANG_WARN_SUSPICIOUS_MOVE = YES;
				CLANG_WARN_UNREACHABLE_CODE = YES;
				CLANG_WARN__DUPLICATE_METHOD_MATCH = YES;
				"CODE_SIGN_IDENTITY[sdk=iphoneos*]" = "iPhone Developer";
				COPY_PHASE_STRIP = NO;
				DEBUG_INFORMATION_FORMAT = dwarf;
				ENABLE_STRICT_OBJC_MSGSEND = YES;
				ENABLE_TESTABILITY = YES;
				GCC_C_LANGUAGE_STANDARD = gnu99;
				GCC_DYNAMIC_NO_PIC = NO;
				GCC_NO_COMMON_BLOCKS = YES;
				GCC_OPTIMIZATION_LEVEL = 0;
				GCC_PREPROCESSOR_DEFINITIONS = (
					"DEBUG=1",
					"$(inherited)",
				);
				GCC_WARN_64_TO_32_BIT_CONVERSION = YES;
				GCC_WARN_ABOUT_RETURN_TYPE = YES_ERROR;
				GCC_WARN_UNDECLARED_SELECTOR = YES;
				GCC_WARN_UNINITIALIZED_AUTOS = YES_AGGRESSIVE;
				GCC_WARN_UNUSED_FUNCTION = YES;
				GCC_WARN_UNUSED_VARIABLE = YES;
				IPHONEOS_DEPLOYMENT_TARGET = 10.2;
				MTL_ENABLE_DEBUG_INFO = YES;
				ONLY_ACTIVE_ARCH = YES;
				SDKROOT = iphoneos;
				SWIFT_ACTIVE_COMPILATION_CONDITIONS = DEBUG;
				SWIFT_OPTIMIZATION_LEVEL = "-Onone";
				TARGETED_DEVICE_FAMILY = "1,2";
			};
			name = Debug;
		};
		1F6ECCB51E7F6F7400B3055E /* Release */ = {
			isa = XCBuildConfiguration;
			buildSettings = {
				ALWAYS_SEARCH_USER_PATHS = NO;
				CLANG_ANALYZER_NONNULL = YES;
				CLANG_CXX_LANGUAGE_STANDARD = "gnu++0x";
				CLANG_CXX_LIBRARY = "libc++";
				CLANG_ENABLE_MODULES = YES;
				CLANG_ENABLE_OBJC_ARC = YES;
				CLANG_WARN_BOOL_CONVERSION = YES;
				CLANG_WARN_CONSTANT_CONVERSION = YES;
				CLANG_WARN_DIRECT_OBJC_ISA_USAGE = YES_ERROR;
				CLANG_WARN_DOCUMENTATION_COMMENTS = YES;
				CLANG_WARN_EMPTY_BODY = YES;
				CLANG_WARN_ENUM_CONVERSION = YES;
				CLANG_WARN_INFINITE_RECURSION = YES;
				CLANG_WARN_INT_CONVERSION = YES;
				CLANG_WARN_OBJC_ROOT_CLASS = YES_ERROR;
				CLANG_WARN_SUSPICIOUS_MOVE = YES;
				CLANG_WARN_UNREACHABLE_CODE = YES;
				CLANG_WARN__DUPLICATE_METHOD_MATCH = YES;
				"CODE_SIGN_IDENTITY[sdk=iphoneos*]" = "iPhone Developer";
				COPY_PHASE_STRIP = NO;
				DEBUG_INFORMATION_FORMAT = "dwarf-with-dsym";
				ENABLE_NS_ASSERTIONS = NO;
				ENABLE_STRICT_OBJC_MSGSEND = YES;
				GCC_C_LANGUAGE_STANDARD = gnu99;
				GCC_NO_COMMON_BLOCKS = YES;
				GCC_WARN_64_TO_32_BIT_CONVERSION = YES;
				GCC_WARN_ABOUT_RETURN_TYPE = YES_ERROR;
				GCC_WARN_UNDECLARED_SELECTOR = YES;
				GCC_WARN_UNINITIALIZED_AUTOS = YES_AGGRESSIVE;
				GCC_WARN_UNUSED_FUNCTION = YES;
				GCC_WARN_UNUSED_VARIABLE = YES;
				IPHONEOS_DEPLOYMENT_TARGET = 10.2;
				MTL_ENABLE_DEBUG_INFO = NO;
				SDKROOT = iphoneos;
				SWIFT_OPTIMIZATION_LEVEL = "-Owholemodule";
				TARGETED_DEVICE_FAMILY = "1,2";
				VALIDATE_PRODUCT = YES;
			};
			name = Release;
		};
		1F6ECCB71E7F6F7400B3055E /* Debug */ = {
			isa = XCBuildConfiguration;
			baseConfigurationReference = AD4E80FEEE629E0B216E8754 /* Pods-MobileProject.debug.xcconfig */;
			buildSettings = {
				ASSETCATALOG_COMPILER_APPICON_NAME = AppIcon;
				CLANG_ENABLE_MODULES = YES;
				INFOPLIST_FILE = MobileProject/Info.plist;
				LD_RUNPATH_SEARCH_PATHS = "$(inherited) @executable_path/Frameworks";
				PRODUCT_BUNDLE_IDENTIFIER = com.MobileProject;
				PRODUCT_NAME = "$(TARGET_NAME)";
				SWIFT_OBJC_BRIDGING_HEADER = "MobileProject/Supporting Files/MobileProject-Bridging-Header.h";
				SWIFT_OPTIMIZATION_LEVEL = "-Onone";
				SWIFT_VERSION = 3.0;
			};
			name = Debug;
		};
		1F6ECCB81E7F6F7400B3055E /* Release */ = {
			isa = XCBuildConfiguration;
			baseConfigurationReference = 39DC0562C47147ACF1638A6A /* Pods-MobileProject.release.xcconfig */;
			buildSettings = {
				ASSETCATALOG_COMPILER_APPICON_NAME = AppIcon;
				CLANG_ENABLE_MODULES = YES;
				INFOPLIST_FILE = MobileProject/Info.plist;
				LD_RUNPATH_SEARCH_PATHS = "$(inherited) @executable_path/Frameworks";
				PRODUCT_BUNDLE_IDENTIFIER = com.MobileProject;
				PRODUCT_NAME = "$(TARGET_NAME)";
				SWIFT_OBJC_BRIDGING_HEADER = "MobileProject/Supporting Files/MobileProject-Bridging-Header.h";
				SWIFT_VERSION = 3.0;
			};
			name = Release;
		};
/* End XCBuildConfiguration section */

/* Begin XCConfigurationList section */
		1F6ECC9F1E7F6F6F00B3055E /* Build configuration list for PBXProject "MobileProject" */ = {
			isa = XCConfigurationList;
			buildConfigurations = (
				1F6ECCB41E7F6F7400B3055E /* Debug */,
				1F6ECCB51E7F6F7400B3055E /* Release */,
			);
			defaultConfigurationIsVisible = 0;
			defaultConfigurationName = Release;
		};
		1F6ECCB61E7F6F7400B3055E /* Build configuration list for PBXNativeTarget "MobileProject" */ = {
			isa = XCConfigurationList;
			buildConfigurations = (
				1F6ECCB71E7F6F7400B3055E /* Debug */,
				1F6ECCB81E7F6F7400B3055E /* Release */,
			);
			defaultConfigurationIsVisible = 0;
			defaultConfigurationName = Release;
		};
/* End XCConfigurationList section */
	};
	rootObject = 1F6ECC9C1E7F6F6F00B3055E /* Project object */;
}
